{
  "nodes": {
    "flake-utils": {
      "locked": {
        "lastModified": 1656928814,
        "narHash": "sha256-RIFfgBuKz6Hp89yRr7+NR5tzIAbn52h8vT6vXkYjZoM=",
        "owner": "numtide",
        "repo": "flake-utils",
        "rev": "7e2a3b3dfd9af950a856d66b0a7d01e3c18aa249",
        "type": "github"
      },
      "original": {
        "owner": "numtide",
        "repo": "flake-utils",
        "type": "github"
      }
    },
    "flake-utils_2": {
      "locked": {
        "lastModified": 1656928814,
        "narHash": "sha256-RIFfgBuKz6Hp89yRr7+NR5tzIAbn52h8vT6vXkYjZoM=",
        "owner": "numtide",
        "repo": "flake-utils",
        "rev": "7e2a3b3dfd9af950a856d66b0a7d01e3c18aa249",
        "type": "github"
      },
      "original": {
        "owner": "numtide",
        "repo": "flake-utils",
        "type": "github"
      }
    },
    "nixpkgs": {
      "locked": {
        "lastModified": 1658150454,
        "narHash": "sha256-dhyOQvRT8oYWN0SwsNyujohBsJqwF5W7fnhEcfgBk7E=",
        "owner": "NixOS",
        "repo": "nixpkgs",
        "rev": "3110964916469ad6ed9fea72a0a3119a0959a14e",
        "type": "github"
      },
      "original": {
        "id": "nixpkgs",
        "type": "indirect"
      }
    },
    "nixpkgs_2": {
      "locked": {
        "lastModified": 1658255252,
        "narHash": "sha256-HqyhhEETlB1LiDhadgrq72Cx643EJjpZBosmKqmOxFw=",
        "owner": "NixOS",
        "repo": "nixpkgs",
        "rev": "9f805950dc7dfcfd0fae5bfa4406089571c60f77",
        "type": "github"
      },
      "original": {
        "owner": "NixOS",
        "repo": "nixpkgs",
        "type": "github"
      }
    },
    "poetry2nix": {
      "inputs": {
        "flake-utils": "flake-utils_2",
        "nixpkgs": "nixpkgs_2"
      },
      "locked": {
        "lastModified": 1657626303,
        "narHash": "sha256-O/JJ0hSBCmlx0oP8QGAlRrWn0BvlC5cj7/EZ0CCWHTU=",
        "owner": "nix-community",
        "repo": "poetry2nix",
        "rev": "920ba682377d5c0d87945c5eb6141ab8447ca509",
        "type": "github"
      },
      "original": {
        "owner": "nix-community",
        "repo": "poetry2nix",
        "type": "github"
      }
    },
    "root": {
      "inputs": {
        "flake-utils": "flake-utils",
        "nixpkgs": "nixpkgs",
        "poetry2nix": "poetry2nix"
      }
    }
  },
  "root": "root",
  "version": 7
}
